
Microsoft Visual Studio Solution File, Format Version 12.00
# Visual Studio Version 17
VisualStudioVersion = 17.5.33516.290
MinimumVisualStudioVersion = 10.0.40219.1
Project("{FAE04EC0-301F-11D3-BF4B-00C04F79EFBC}") = "TheReplicatorOfToDo", "TheReplicatorOfToDo\TheReplicatorOfToDo.csproj", "{752CC37F-56A4-4382-B0E1-0311D3657B15}"
EndProject
Global
	GlobalSection(SolutionConfigurationPlatforms) = preSolution
		Debug|Any CPU = Debug|Any CPU
		Release|Any CPU = Release|Any CPU
	EndGlobalSection
	GlobalSection(ProjectConfigurationPlatforms) = postSolution
		{752CC37F-56A4-4382-B0E1-0311D3657B15}.Debug|Any CPU.ActiveCfg = Debug|Any CPU
		{752CC37F-56A4-4382-B0E1-0311D3657B15}.Debug|Any CPU.Build.0 = Debug|Any CPU
		{752CC37F-56A4-4382-B0E1-0311D3657B15}.Release|Any CPU.ActiveCfg = Release|Any CPU
		{752CC37F-56A4-4382-B0E1-0311D3657B15}.Release|Any CPU.Build.0 = Release|Any CPU
	EndGlobalSection
	GlobalSection(SolutionProperties) = preSolution
		HideSolutionNode = FALSE
	EndGlobalSection
	GlobalSection(ExtensibilityGlobals) = postSolution
		SolutionGuid = {EF5911A8-3E64-417A-AEEF-A83E88F674E8}
	EndGlobalSection
EndGlobal
