
Microsoft Visual Studio Solution File, Format Version 12.00
# Visual Studio Version 17
VisualStudioVersion = 17.5.33516.290
MinimumVisualStudioVersion = 10.0.40219.1
Project("{9A19103F-16F7-4668-BE54-9A1E7A4F7556}") = "TheReplicatorOfToDo", "TheReplicatorOfToDo\TheReplicatorOfToDo.csproj", "{752CC37F-56A4-4382-B0E1-0311D3657B15}"
EndProject
Project("{9A19103F-16F7-4668-BE54-9A1E7A4F7556}") = "TheLawsOfFreach", "TheLawsOfFreach\TheLawsOfFreach.csproj", "{75EEEF0B-65F3-408B-B3DD-40304DCA2F3C}"
EndProject
Project("{9A19103F-16F7-4668-BE54-9A1E7A4F7556}") = "Methods", "Methods\Methods.csproj", "{A6E4F020-585F-442D-896D-4D46E6D7BF64}"
EndProject
Project("{9A19103F-16F7-4668-BE54-9A1E7A4F7556}") = "Manticore", "Manticore\Manticore.csproj", "{67239B9E-2F0B-4ED4-83CA-2032722F46EE}"
EndProject
Project("{9A19103F-16F7-4668-BE54-9A1E7A4F7556}") = "Enumeration", "Enumeration\Enumeration.csproj", "{D3C0FB85-1ABF-4E79-82AA-40F5804F30B1}"
EndProject
Project("{9A19103F-16F7-4668-BE54-9A1E7A4F7556}") = "Tuples", "Tuples\Tuples.csproj", "{F6F10FA9-B126-4857-8579-D5ABE82A794B}"
EndProject
Project("{9A19103F-16F7-4668-BE54-9A1E7A4F7556}") = "Classes", "Classes\Classes.csproj", "{99147F7F-4886-4081-B236-CCF5D9D08DDF}"
EndProject
Project("{9A19103F-16F7-4668-BE54-9A1E7A4F7556}") = "InformationHidding", "InformationHidding\InformationHidding.csproj", "{61774464-92B7-4C69-AB3C-99DC7357C8D7}"
EndProject
Project("{9A19103F-16F7-4668-BE54-9A1E7A4F7556}") = "Properties", "Properties\Properties.csproj", "{CF7AB826-1626-468F-B038-98040B21F0D7}"
EndProject
Project("{9A19103F-16F7-4668-BE54-9A1E7A4F7556}") = "StaticMethods", "StaticMethods\StaticMethods.csproj", "{11362CBB-3E19-4F6F-B351-A82F2DCC14E7}"
EndProject
Project("{9A19103F-16F7-4668-BE54-9A1E7A4F7556}") = "ThePoint", "ThePoint\ThePoint.csproj", "{2265B91E-7A3D-4FBE-A748-B5F9B557DB99}"
EndProject
Project("{9A19103F-16F7-4668-BE54-9A1E7A4F7556}") = "TheColor", "TheColor\TheColor.csproj", "{945475DC-2C6B-46A0-938E-E3E35B8E7331}"
EndProject
Project("{9A19103F-16F7-4668-BE54-9A1E7A4F7556}") = "TheCard", "TheCard\TheCard.csproj", "{61227063-9AE8-4081-83D8-E0DABAC093FE}"
EndProject
Project("{9A19103F-16F7-4668-BE54-9A1E7A4F7556}") = "TheLockedDoor", "TheLockedDoor\TheLockedDoor.csproj", "{FC43D579-C0CF-4E9C-BF12-FBC1378D99E7}"
EndProject
Project("{9A19103F-16F7-4668-BE54-9A1E7A4F7556}") = "ThePasswordValidator", "ThePasswordValidator\ThePasswordValidator.csproj", "{07325F42-F390-4288-84FB-60B0B33DDDF0}"
EndProject
Project("{9A19103F-16F7-4668-BE54-9A1E7A4F7556}") = "TicTacToe", "TicTacToe\TicTacToe.csproj", "{EE159FC1-A331-4971-B2F3-39899CBAE172}"
EndProject
Project("{9A19103F-16F7-4668-BE54-9A1E7A4F7556}") = "Inheritance", "Inheritance\Inheritance.csproj", "{C4302EE3-1016-4D8B-8EC6-9E78C5F3D847}"
EndProject
Project("{9A19103F-16F7-4668-BE54-9A1E7A4F7556}") = "Polymorphism", "Polymorphism\Polymorphism.csproj", "{E7674DFA-4E7F-474F-B917-F0D30E4084CA}"
EndProject
Project("{9A19103F-16F7-4668-BE54-9A1E7A4F7556}") = "TheOldRobot", "TheOldRobot\TheOldRobot.csproj", "{45D75EED-A6A8-412E-AE63-FC8884D82552}"
EndProject
Project("{9A19103F-16F7-4668-BE54-9A1E7A4F7556}") = "RoboticInterface", "RoboticInterface\RoboticInterface.csproj", "{6B711F38-7D99-4340-AA96-B7BB34C046E4}"
EndProject
Project("{FAE04EC0-301F-11D3-BF4B-00C04F79EFBC}") = "Structs", "Structs\Structs.csproj", "{FD54175C-B6C6-4457-9BE3-CCEF97610835}"
EndProject
Project("{FAE04EC0-301F-11D3-BF4B-00C04F79EFBC}") = "Records", "Records\Records.csproj", "{F7F65F9F-685B-45B2-9A53-CFD7B8BC48E2}"
EndProject
Project("{FAE04EC0-301F-11D3-BF4B-00C04F79EFBC}") = "Generics", "Generics\Generics.csproj", "{F39C9411-642A-4355-ABD5-1B442CE674DA}"
EndProject
Global
	GlobalSection(SolutionConfigurationPlatforms) = preSolution
		Debug|Any CPU = Debug|Any CPU
		Release|Any CPU = Release|Any CPU
	EndGlobalSection
	GlobalSection(ProjectConfigurationPlatforms) = postSolution
		{752CC37F-56A4-4382-B0E1-0311D3657B15}.Debug|Any CPU.ActiveCfg = Debug|Any CPU
		{752CC37F-56A4-4382-B0E1-0311D3657B15}.Debug|Any CPU.Build.0 = Debug|Any CPU
		{752CC37F-56A4-4382-B0E1-0311D3657B15}.Release|Any CPU.ActiveCfg = Release|Any CPU
		{752CC37F-56A4-4382-B0E1-0311D3657B15}.Release|Any CPU.Build.0 = Release|Any CPU
		{75EEEF0B-65F3-408B-B3DD-40304DCA2F3C}.Debug|Any CPU.ActiveCfg = Debug|Any CPU
		{75EEEF0B-65F3-408B-B3DD-40304DCA2F3C}.Debug|Any CPU.Build.0 = Debug|Any CPU
		{75EEEF0B-65F3-408B-B3DD-40304DCA2F3C}.Release|Any CPU.ActiveCfg = Release|Any CPU
		{75EEEF0B-65F3-408B-B3DD-40304DCA2F3C}.Release|Any CPU.Build.0 = Release|Any CPU
		{A6E4F020-585F-442D-896D-4D46E6D7BF64}.Debug|Any CPU.ActiveCfg = Debug|Any CPU
		{A6E4F020-585F-442D-896D-4D46E6D7BF64}.Debug|Any CPU.Build.0 = Debug|Any CPU
		{A6E4F020-585F-442D-896D-4D46E6D7BF64}.Release|Any CPU.ActiveCfg = Release|Any CPU
		{A6E4F020-585F-442D-896D-4D46E6D7BF64}.Release|Any CPU.Build.0 = Release|Any CPU
		{67239B9E-2F0B-4ED4-83CA-2032722F46EE}.Debug|Any CPU.ActiveCfg = Debug|Any CPU
		{67239B9E-2F0B-4ED4-83CA-2032722F46EE}.Debug|Any CPU.Build.0 = Debug|Any CPU
		{67239B9E-2F0B-4ED4-83CA-2032722F46EE}.Release|Any CPU.ActiveCfg = Release|Any CPU
		{67239B9E-2F0B-4ED4-83CA-2032722F46EE}.Release|Any CPU.Build.0 = Release|Any CPU
		{D3C0FB85-1ABF-4E79-82AA-40F5804F30B1}.Debug|Any CPU.ActiveCfg = Debug|Any CPU
		{D3C0FB85-1ABF-4E79-82AA-40F5804F30B1}.Debug|Any CPU.Build.0 = Debug|Any CPU
		{D3C0FB85-1ABF-4E79-82AA-40F5804F30B1}.Release|Any CPU.ActiveCfg = Release|Any CPU
		{D3C0FB85-1ABF-4E79-82AA-40F5804F30B1}.Release|Any CPU.Build.0 = Release|Any CPU
		{F6F10FA9-B126-4857-8579-D5ABE82A794B}.Debug|Any CPU.ActiveCfg = Debug|Any CPU
		{F6F10FA9-B126-4857-8579-D5ABE82A794B}.Debug|Any CPU.Build.0 = Debug|Any CPU
		{F6F10FA9-B126-4857-8579-D5ABE82A794B}.Release|Any CPU.ActiveCfg = Release|Any CPU
		{F6F10FA9-B126-4857-8579-D5ABE82A794B}.Release|Any CPU.Build.0 = Release|Any CPU
		{99147F7F-4886-4081-B236-CCF5D9D08DDF}.Debug|Any CPU.ActiveCfg = Debug|Any CPU
		{99147F7F-4886-4081-B236-CCF5D9D08DDF}.Debug|Any CPU.Build.0 = Debug|Any CPU
		{99147F7F-4886-4081-B236-CCF5D9D08DDF}.Release|Any CPU.ActiveCfg = Release|Any CPU
		{99147F7F-4886-4081-B236-CCF5D9D08DDF}.Release|Any CPU.Build.0 = Release|Any CPU
		{61774464-92B7-4C69-AB3C-99DC7357C8D7}.Debug|Any CPU.ActiveCfg = Debug|Any CPU
		{61774464-92B7-4C69-AB3C-99DC7357C8D7}.Debug|Any CPU.Build.0 = Debug|Any CPU
		{61774464-92B7-4C69-AB3C-99DC7357C8D7}.Release|Any CPU.ActiveCfg = Release|Any CPU
		{61774464-92B7-4C69-AB3C-99DC7357C8D7}.Release|Any CPU.Build.0 = Release|Any CPU
		{CF7AB826-1626-468F-B038-98040B21F0D7}.Debug|Any CPU.ActiveCfg = Debug|Any CPU
		{CF7AB826-1626-468F-B038-98040B21F0D7}.Debug|Any CPU.Build.0 = Debug|Any CPU
		{CF7AB826-1626-468F-B038-98040B21F0D7}.Release|Any CPU.ActiveCfg = Release|Any CPU
		{CF7AB826-1626-468F-B038-98040B21F0D7}.Release|Any CPU.Build.0 = Release|Any CPU
		{11362CBB-3E19-4F6F-B351-A82F2DCC14E7}.Debug|Any CPU.ActiveCfg = Debug|Any CPU
		{11362CBB-3E19-4F6F-B351-A82F2DCC14E7}.Debug|Any CPU.Build.0 = Debug|Any CPU
		{11362CBB-3E19-4F6F-B351-A82F2DCC14E7}.Release|Any CPU.ActiveCfg = Release|Any CPU
		{11362CBB-3E19-4F6F-B351-A82F2DCC14E7}.Release|Any CPU.Build.0 = Release|Any CPU
		{2265B91E-7A3D-4FBE-A748-B5F9B557DB99}.Debug|Any CPU.ActiveCfg = Debug|Any CPU
		{2265B91E-7A3D-4FBE-A748-B5F9B557DB99}.Debug|Any CPU.Build.0 = Debug|Any CPU
		{2265B91E-7A3D-4FBE-A748-B5F9B557DB99}.Release|Any CPU.ActiveCfg = Release|Any CPU
		{2265B91E-7A3D-4FBE-A748-B5F9B557DB99}.Release|Any CPU.Build.0 = Release|Any CPU
		{945475DC-2C6B-46A0-938E-E3E35B8E7331}.Debug|Any CPU.ActiveCfg = Debug|Any CPU
		{945475DC-2C6B-46A0-938E-E3E35B8E7331}.Debug|Any CPU.Build.0 = Debug|Any CPU
		{945475DC-2C6B-46A0-938E-E3E35B8E7331}.Release|Any CPU.ActiveCfg = Release|Any CPU
		{945475DC-2C6B-46A0-938E-E3E35B8E7331}.Release|Any CPU.Build.0 = Release|Any CPU
		{61227063-9AE8-4081-83D8-E0DABAC093FE}.Debug|Any CPU.ActiveCfg = Debug|Any CPU
		{61227063-9AE8-4081-83D8-E0DABAC093FE}.Debug|Any CPU.Build.0 = Debug|Any CPU
		{61227063-9AE8-4081-83D8-E0DABAC093FE}.Release|Any CPU.ActiveCfg = Release|Any CPU
		{61227063-9AE8-4081-83D8-E0DABAC093FE}.Release|Any CPU.Build.0 = Release|Any CPU
		{FC43D579-C0CF-4E9C-BF12-FBC1378D99E7}.Debug|Any CPU.ActiveCfg = Debug|Any CPU
		{FC43D579-C0CF-4E9C-BF12-FBC1378D99E7}.Debug|Any CPU.Build.0 = Debug|Any CPU
		{FC43D579-C0CF-4E9C-BF12-FBC1378D99E7}.Release|Any CPU.ActiveCfg = Release|Any CPU
		{FC43D579-C0CF-4E9C-BF12-FBC1378D99E7}.Release|Any CPU.Build.0 = Release|Any CPU
		{07325F42-F390-4288-84FB-60B0B33DDDF0}.Debug|Any CPU.ActiveCfg = Debug|Any CPU
		{07325F42-F390-4288-84FB-60B0B33DDDF0}.Debug|Any CPU.Build.0 = Debug|Any CPU
		{07325F42-F390-4288-84FB-60B0B33DDDF0}.Release|Any CPU.ActiveCfg = Release|Any CPU
		{07325F42-F390-4288-84FB-60B0B33DDDF0}.Release|Any CPU.Build.0 = Release|Any CPU
		{EE159FC1-A331-4971-B2F3-39899CBAE172}.Debug|Any CPU.ActiveCfg = Debug|Any CPU
		{EE159FC1-A331-4971-B2F3-39899CBAE172}.Debug|Any CPU.Build.0 = Debug|Any CPU
		{EE159FC1-A331-4971-B2F3-39899CBAE172}.Release|Any CPU.ActiveCfg = Release|Any CPU
		{EE159FC1-A331-4971-B2F3-39899CBAE172}.Release|Any CPU.Build.0 = Release|Any CPU
		{C4302EE3-1016-4D8B-8EC6-9E78C5F3D847}.Debug|Any CPU.ActiveCfg = Debug|Any CPU
		{C4302EE3-1016-4D8B-8EC6-9E78C5F3D847}.Debug|Any CPU.Build.0 = Debug|Any CPU
		{C4302EE3-1016-4D8B-8EC6-9E78C5F3D847}.Release|Any CPU.ActiveCfg = Release|Any CPU
		{C4302EE3-1016-4D8B-8EC6-9E78C5F3D847}.Release|Any CPU.Build.0 = Release|Any CPU
		{E7674DFA-4E7F-474F-B917-F0D30E4084CA}.Debug|Any CPU.ActiveCfg = Debug|Any CPU
		{E7674DFA-4E7F-474F-B917-F0D30E4084CA}.Debug|Any CPU.Build.0 = Debug|Any CPU
		{E7674DFA-4E7F-474F-B917-F0D30E4084CA}.Release|Any CPU.ActiveCfg = Release|Any CPU
		{E7674DFA-4E7F-474F-B917-F0D30E4084CA}.Release|Any CPU.Build.0 = Release|Any CPU
		{45D75EED-A6A8-412E-AE63-FC8884D82552}.Debug|Any CPU.ActiveCfg = Debug|Any CPU
		{45D75EED-A6A8-412E-AE63-FC8884D82552}.Debug|Any CPU.Build.0 = Debug|Any CPU
		{45D75EED-A6A8-412E-AE63-FC8884D82552}.Release|Any CPU.ActiveCfg = Release|Any CPU
		{45D75EED-A6A8-412E-AE63-FC8884D82552}.Release|Any CPU.Build.0 = Release|Any CPU
		{6B711F38-7D99-4340-AA96-B7BB34C046E4}.Debug|Any CPU.ActiveCfg = Debug|Any CPU
		{6B711F38-7D99-4340-AA96-B7BB34C046E4}.Debug|Any CPU.Build.0 = Debug|Any CPU
		{6B711F38-7D99-4340-AA96-B7BB34C046E4}.Release|Any CPU.ActiveCfg = Release|Any CPU
		{6B711F38-7D99-4340-AA96-B7BB34C046E4}.Release|Any CPU.Build.0 = Release|Any CPU
		{FD54175C-B6C6-4457-9BE3-CCEF97610835}.Debug|Any CPU.ActiveCfg = Debug|Any CPU
		{FD54175C-B6C6-4457-9BE3-CCEF97610835}.Debug|Any CPU.Build.0 = Debug|Any CPU
		{FD54175C-B6C6-4457-9BE3-CCEF97610835}.Release|Any CPU.ActiveCfg = Release|Any CPU
		{FD54175C-B6C6-4457-9BE3-CCEF97610835}.Release|Any CPU.Build.0 = Release|Any CPU
		{F7F65F9F-685B-45B2-9A53-CFD7B8BC48E2}.Debug|Any CPU.ActiveCfg = Debug|Any CPU
		{F7F65F9F-685B-45B2-9A53-CFD7B8BC48E2}.Debug|Any CPU.Build.0 = Debug|Any CPU
		{F7F65F9F-685B-45B2-9A53-CFD7B8BC48E2}.Release|Any CPU.ActiveCfg = Release|Any CPU
		{F7F65F9F-685B-45B2-9A53-CFD7B8BC48E2}.Release|Any CPU.Build.0 = Release|Any CPU
		{F39C9411-642A-4355-ABD5-1B442CE674DA}.Debug|Any CPU.ActiveCfg = Debug|Any CPU
		{F39C9411-642A-4355-ABD5-1B442CE674DA}.Debug|Any CPU.Build.0 = Debug|Any CPU
		{F39C9411-642A-4355-ABD5-1B442CE674DA}.Release|Any CPU.ActiveCfg = Release|Any CPU
		{F39C9411-642A-4355-ABD5-1B442CE674DA}.Release|Any CPU.Build.0 = Release|Any CPU
	EndGlobalSection
	GlobalSection(SolutionProperties) = preSolution
		HideSolutionNode = FALSE
	EndGlobalSection
	GlobalSection(ExtensibilityGlobals) = postSolution
		SolutionGuid = {EF5911A8-3E64-417A-AEEF-A83E88F674E8}
	EndGlobalSection
EndGlobal
